
Microsoft Visual Studio Solution File, Format Version 12.00
# Visual Studio Version 17
VisualStudioVersion = 17.2.32408.312
MinimumVisualStudioVersion = 10.0.40219.1
Project("{8BC9CEB8-8B4A-11D0-8D11-00A0C91BC942}") = "fltk-test", "fltk-test\fltk-test.vcxproj", "{9E16CD49-732C-4F05-B7C2-22F3AD09C051}"
EndProject
Global
	GlobalSection(SolutionConfigurationPlatforms) = preSolution
		Debug|x64 = Debug|x64
		Debug|x86 = Debug|x86
		Release|x64 = Release|x64
		Release|x86 = Release|x86
	EndGlobalSection
	GlobalSection(ProjectConfigurationPlatforms) = postSolution
		{9E16CD49-732C-4F05-B7C2-22F3AD09C051}.Debug|x64.ActiveCfg = Debug|x64
		{9E16CD49-732C-4F05-B7C2-22F3AD09C051}.Debug|x64.Build.0 = Debug|x64
		{9E16CD49-732C-4F05-B7C2-22F3AD09C051}.Debug|x86.ActiveCfg = Debug|Win32
		{9E16CD49-732C-4F05-B7C2-22F3AD09C051}.Debug|x86.Build.0 = Debug|Win32
		{9E16CD49-732C-4F05-B7C2-22F3AD09C051}.Release|x64.ActiveCfg = Release|x64
		{9E16CD49-732C-4F05-B7C2-22F3AD09C051}.Release|x64.Build.0 = Release|x64
		{9E16CD49-732C-4F05-B7C2-22F3AD09C051}.Release|x86.ActiveCfg = Release|Win32
		{9E16CD49-732C-4F05-B7C2-22F3AD09C051}.Release|x86.Build.0 = Release|Win32
	EndGlobalSection
	GlobalSection(SolutionProperties) = preSolution
		HideSolutionNode = FALSE
	EndGlobalSection
	GlobalSection(ExtensibilityGlobals) = postSolution
		SolutionGuid = {5C056B98-3CF3-448C-A5D7-0BC19CA034DD}
	EndGlobalSection
EndGlobal
