
Microsoft Visual Studio Solution File, Format Version 12.00
# Visual Studio Version 17
VisualStudioVersion = 17.1.32228.430
MinimumVisualStudioVersion = 10.0.40219.1
Project("{8BC9CEB8-8B4A-11D0-8D11-00A0C91BC942}") = "cpp-study2", "cpp-study2\cpp-study2.vcxproj", "{75D5E991-6E61-4564-9F25-DC6F7A0486AF}"
EndProject
Project("{8BC9CEB8-8B4A-11D0-8D11-00A0C91BC942}") = "Reference", "Reference\Reference.vcxproj", "{3A977C05-3814-4CFC-AB71-91A7DABD5D6A}"
EndProject
Project("{8BC9CEB8-8B4A-11D0-8D11-00A0C91BC942}") = "C8SE1", "C8SE1\C8SE1.vcxproj", "{A39078B4-81FF-4884-8253-0DBADAD965D6}"
EndProject
Project("{8BC9CEB8-8B4A-11D0-8D11-00A0C91BC942}") = "C8SE2", "C8SE2\C8SE2.vcxproj", "{763D08ED-5EE9-4EC5-97A4-E43CFE07247A}"
EndProject
Project("{8BC9CEB8-8B4A-11D0-8D11-00A0C91BC942}") = "C8SE3", "C8SE3\C8SE3.vcxproj", "{3DE8BCE8-42E7-4AC8-8E7D-754DB22C0759}"
EndProject
Project("{8BC9CEB8-8B4A-11D0-8D11-00A0C91BC942}") = "C9SE1", "C9SE1\C9SE1.vcxproj", "{A1FE64CE-B432-4214-ADF5-346D2DEDB594}"
EndProject
Project("{8BC9CEB8-8B4A-11D0-8D11-00A0C91BC942}") = "C10.4-open_file", "ConsoleApplication1\ConsoleApplication1.vcxproj", "{1E965020-0013-49D6-9FAD-C3DA4448ABFC}"
EndProject
Project("{8BC9CEB8-8B4A-11D0-8D11-00A0C91BC942}") = "10.6_reading_vector_int", "10.6_reading_vector_int\10.6_reading_vector_int.vcxproj", "{9D802238-DA66-490C-8732-5A7A76BC4D52}"
EndProject
Project("{8BC9CEB8-8B4A-11D0-8D11-00A0C91BC942}") = "C10.7-read_single_value", "C10-guess-number\C10-guess-number.vcxproj", "{9E46302A-983C-48B7-9259-78E25FC2501B}"
EndProject
Project("{8BC9CEB8-8B4A-11D0-8D11-00A0C91BC942}") = "self_define_input", "self_define_input\self_define_input.vcxproj", "{194E456A-F746-4F6C-9D5F-C61DD4E9E6D2}"
EndProject
Project("{8BC9CEB8-8B4A-11D0-8D11-00A0C91BC942}") = "C10.11-read_constructional_file", "10.11 reading constructional file\10.11 reading constructional file.vcxproj", "{DC26A5B5-9D2F-4277-8EF4-CB7F392F3527}"
EndProject
Project("{8BC9CEB8-8B4A-11D0-8D11-00A0C91BC942}") = "C11T1-octhex", "C11T1-octhex\C11T1-octhex.vcxproj", "{6738C85B-FFE0-43F4-B453-EADC85C440F8}"
EndProject
Project("{8BC9CEB8-8B4A-11D0-8D11-00A0C91BC942}") = "C11T2-float", "C11T2-float\C11T2-float.vcxproj", "{FB7330D2-D745-45C6-A8E2-F3D2E9F2872C}"
EndProject
Project("{8BC9CEB8-8B4A-11D0-8D11-00A0C91BC942}") = "11.3 binary", "11.3 binary\11.3 binary.vcxproj", "{A7D1FF8A-1647-4938-9E5E-E46398D91C25}"
EndProject
Project("{8BC9CEB8-8B4A-11D0-8D11-00A0C91BC942}") = "11.4 string stream", "11.4 string stream\11.4 string stream.vcxproj", "{CC568E63-2135-4CDA-961A-6BC484CA915A}"
EndProject
Project("{8BC9CEB8-8B4A-11D0-8D11-00A0C91BC942}") = "11.6 character divide", "11.6 character divide\11.6 character divide.vcxproj", "{E50A15E9-3F5C-4768-A045-1874DACA1DF9}"
EndProject
Project("{8BC9CEB8-8B4A-11D0-8D11-00A0C91BC942}") = "11.7 non standard interval", "11.7 non standard interval\11.7 non standard interval.vcxproj", "{F540BC3C-2432-4946-9B96-969A443F4F7C}"
EndProject
Global
	GlobalSection(SolutionConfigurationPlatforms) = preSolution
		Debug|x64 = Debug|x64
		Debug|x86 = Debug|x86
		Release|x64 = Release|x64
		Release|x86 = Release|x86
	EndGlobalSection
	GlobalSection(ProjectConfigurationPlatforms) = postSolution
		{75D5E991-6E61-4564-9F25-DC6F7A0486AF}.Debug|x64.ActiveCfg = Debug|x64
		{75D5E991-6E61-4564-9F25-DC6F7A0486AF}.Debug|x64.Build.0 = Debug|x64
		{75D5E991-6E61-4564-9F25-DC6F7A0486AF}.Debug|x86.ActiveCfg = Debug|Win32
		{75D5E991-6E61-4564-9F25-DC6F7A0486AF}.Debug|x86.Build.0 = Debug|Win32
		{75D5E991-6E61-4564-9F25-DC6F7A0486AF}.Release|x64.ActiveCfg = Release|x64
		{75D5E991-6E61-4564-9F25-DC6F7A0486AF}.Release|x64.Build.0 = Release|x64
		{75D5E991-6E61-4564-9F25-DC6F7A0486AF}.Release|x86.ActiveCfg = Release|Win32
		{75D5E991-6E61-4564-9F25-DC6F7A0486AF}.Release|x86.Build.0 = Release|Win32
		{3A977C05-3814-4CFC-AB71-91A7DABD5D6A}.Debug|x64.ActiveCfg = Debug|x64
		{3A977C05-3814-4CFC-AB71-91A7DABD5D6A}.Debug|x64.Build.0 = Debug|x64
		{3A977C05-3814-4CFC-AB71-91A7DABD5D6A}.Debug|x86.ActiveCfg = Debug|Win32
		{3A977C05-3814-4CFC-AB71-91A7DABD5D6A}.Debug|x86.Build.0 = Debug|Win32
		{3A977C05-3814-4CFC-AB71-91A7DABD5D6A}.Release|x64.ActiveCfg = Release|x64
		{3A977C05-3814-4CFC-AB71-91A7DABD5D6A}.Release|x64.Build.0 = Release|x64
		{3A977C05-3814-4CFC-AB71-91A7DABD5D6A}.Release|x86.ActiveCfg = Release|Win32
		{3A977C05-3814-4CFC-AB71-91A7DABD5D6A}.Release|x86.Build.0 = Release|Win32
		{A39078B4-81FF-4884-8253-0DBADAD965D6}.Debug|x64.ActiveCfg = Debug|x64
		{A39078B4-81FF-4884-8253-0DBADAD965D6}.Debug|x64.Build.0 = Debug|x64
		{A39078B4-81FF-4884-8253-0DBADAD965D6}.Debug|x86.ActiveCfg = Debug|Win32
		{A39078B4-81FF-4884-8253-0DBADAD965D6}.Debug|x86.Build.0 = Debug|Win32
		{A39078B4-81FF-4884-8253-0DBADAD965D6}.Release|x64.ActiveCfg = Release|x64
		{A39078B4-81FF-4884-8253-0DBADAD965D6}.Release|x64.Build.0 = Release|x64
		{A39078B4-81FF-4884-8253-0DBADAD965D6}.Release|x86.ActiveCfg = Release|Win32
		{A39078B4-81FF-4884-8253-0DBADAD965D6}.Release|x86.Build.0 = Release|Win32
		{763D08ED-5EE9-4EC5-97A4-E43CFE07247A}.Debug|x64.ActiveCfg = Debug|x64
		{763D08ED-5EE9-4EC5-97A4-E43CFE07247A}.Debug|x64.Build.0 = Debug|x64
		{763D08ED-5EE9-4EC5-97A4-E43CFE07247A}.Debug|x86.ActiveCfg = Debug|Win32
		{763D08ED-5EE9-4EC5-97A4-E43CFE07247A}.Debug|x86.Build.0 = Debug|Win32
		{763D08ED-5EE9-4EC5-97A4-E43CFE07247A}.Release|x64.ActiveCfg = Release|x64
		{763D08ED-5EE9-4EC5-97A4-E43CFE07247A}.Release|x64.Build.0 = Release|x64
		{763D08ED-5EE9-4EC5-97A4-E43CFE07247A}.Release|x86.ActiveCfg = Release|Win32
		{763D08ED-5EE9-4EC5-97A4-E43CFE07247A}.Release|x86.Build.0 = Release|Win32
		{3DE8BCE8-42E7-4AC8-8E7D-754DB22C0759}.Debug|x64.ActiveCfg = Debug|x64
		{3DE8BCE8-42E7-4AC8-8E7D-754DB22C0759}.Debug|x64.Build.0 = Debug|x64
		{3DE8BCE8-42E7-4AC8-8E7D-754DB22C0759}.Debug|x86.ActiveCfg = Debug|Win32
		{3DE8BCE8-42E7-4AC8-8E7D-754DB22C0759}.Debug|x86.Build.0 = Debug|Win32
		{3DE8BCE8-42E7-4AC8-8E7D-754DB22C0759}.Release|x64.ActiveCfg = Release|x64
		{3DE8BCE8-42E7-4AC8-8E7D-754DB22C0759}.Release|x64.Build.0 = Release|x64
		{3DE8BCE8-42E7-4AC8-8E7D-754DB22C0759}.Release|x86.ActiveCfg = Release|Win32
		{3DE8BCE8-42E7-4AC8-8E7D-754DB22C0759}.Release|x86.Build.0 = Release|Win32
		{A1FE64CE-B432-4214-ADF5-346D2DEDB594}.Debug|x64.ActiveCfg = Debug|x64
		{A1FE64CE-B432-4214-ADF5-346D2DEDB594}.Debug|x64.Build.0 = Debug|x64
		{A1FE64CE-B432-4214-ADF5-346D2DEDB594}.Debug|x86.ActiveCfg = Debug|Win32
		{A1FE64CE-B432-4214-ADF5-346D2DEDB594}.Debug|x86.Build.0 = Debug|Win32
		{A1FE64CE-B432-4214-ADF5-346D2DEDB594}.Release|x64.ActiveCfg = Release|x64
		{A1FE64CE-B432-4214-ADF5-346D2DEDB594}.Release|x64.Build.0 = Release|x64
		{A1FE64CE-B432-4214-ADF5-346D2DEDB594}.Release|x86.ActiveCfg = Release|Win32
		{A1FE64CE-B432-4214-ADF5-346D2DEDB594}.Release|x86.Build.0 = Release|Win32
		{1E965020-0013-49D6-9FAD-C3DA4448ABFC}.Debug|x64.ActiveCfg = Debug|x64
		{1E965020-0013-49D6-9FAD-C3DA4448ABFC}.Debug|x64.Build.0 = Debug|x64
		{1E965020-0013-49D6-9FAD-C3DA4448ABFC}.Debug|x86.ActiveCfg = Debug|Win32
		{1E965020-0013-49D6-9FAD-C3DA4448ABFC}.Debug|x86.Build.0 = Debug|Win32
		{1E965020-0013-49D6-9FAD-C3DA4448ABFC}.Release|x64.ActiveCfg = Release|x64
		{1E965020-0013-49D6-9FAD-C3DA4448ABFC}.Release|x64.Build.0 = Release|x64
		{1E965020-0013-49D6-9FAD-C3DA4448ABFC}.Release|x86.ActiveCfg = Release|Win32
		{1E965020-0013-49D6-9FAD-C3DA4448ABFC}.Release|x86.Build.0 = Release|Win32
		{9D802238-DA66-490C-8732-5A7A76BC4D52}.Debug|x64.ActiveCfg = Debug|x64
		{9D802238-DA66-490C-8732-5A7A76BC4D52}.Debug|x64.Build.0 = Debug|x64
		{9D802238-DA66-490C-8732-5A7A76BC4D52}.Debug|x86.ActiveCfg = Debug|Win32
		{9D802238-DA66-490C-8732-5A7A76BC4D52}.Debug|x86.Build.0 = Debug|Win32
		{9D802238-DA66-490C-8732-5A7A76BC4D52}.Release|x64.ActiveCfg = Release|x64
		{9D802238-DA66-490C-8732-5A7A76BC4D52}.Release|x64.Build.0 = Release|x64
		{9D802238-DA66-490C-8732-5A7A76BC4D52}.Release|x86.ActiveCfg = Release|Win32
		{9D802238-DA66-490C-8732-5A7A76BC4D52}.Release|x86.Build.0 = Release|Win32
		{9E46302A-983C-48B7-9259-78E25FC2501B}.Debug|x64.ActiveCfg = Debug|x64
		{9E46302A-983C-48B7-9259-78E25FC2501B}.Debug|x64.Build.0 = Debug|x64
		{9E46302A-983C-48B7-9259-78E25FC2501B}.Debug|x86.ActiveCfg = Debug|Win32
		{9E46302A-983C-48B7-9259-78E25FC2501B}.Debug|x86.Build.0 = Debug|Win32
		{9E46302A-983C-48B7-9259-78E25FC2501B}.Release|x64.ActiveCfg = Release|x64
		{9E46302A-983C-48B7-9259-78E25FC2501B}.Release|x64.Build.0 = Release|x64
		{9E46302A-983C-48B7-9259-78E25FC2501B}.Release|x86.ActiveCfg = Release|Win32
		{9E46302A-983C-48B7-9259-78E25FC2501B}.Release|x86.Build.0 = Release|Win32
		{194E456A-F746-4F6C-9D5F-C61DD4E9E6D2}.Debug|x64.ActiveCfg = Debug|x64
		{194E456A-F746-4F6C-9D5F-C61DD4E9E6D2}.Debug|x64.Build.0 = Debug|x64
		{194E456A-F746-4F6C-9D5F-C61DD4E9E6D2}.Debug|x86.ActiveCfg = Debug|Win32
		{194E456A-F746-4F6C-9D5F-C61DD4E9E6D2}.Debug|x86.Build.0 = Debug|Win32
		{194E456A-F746-4F6C-9D5F-C61DD4E9E6D2}.Release|x64.ActiveCfg = Release|x64
		{194E456A-F746-4F6C-9D5F-C61DD4E9E6D2}.Release|x64.Build.0 = Release|x64
		{194E456A-F746-4F6C-9D5F-C61DD4E9E6D2}.Release|x86.ActiveCfg = Release|Win32
		{194E456A-F746-4F6C-9D5F-C61DD4E9E6D2}.Release|x86.Build.0 = Release|Win32
		{DC26A5B5-9D2F-4277-8EF4-CB7F392F3527}.Debug|x64.ActiveCfg = Debug|x64
		{DC26A5B5-9D2F-4277-8EF4-CB7F392F3527}.Debug|x64.Build.0 = Debug|x64
		{DC26A5B5-9D2F-4277-8EF4-CB7F392F3527}.Debug|x86.ActiveCfg = Debug|Win32
		{DC26A5B5-9D2F-4277-8EF4-CB7F392F3527}.Debug|x86.Build.0 = Debug|Win32
		{DC26A5B5-9D2F-4277-8EF4-CB7F392F3527}.Release|x64.ActiveCfg = Release|x64
		{DC26A5B5-9D2F-4277-8EF4-CB7F392F3527}.Release|x64.Build.0 = Release|x64
		{DC26A5B5-9D2F-4277-8EF4-CB7F392F3527}.Release|x86.ActiveCfg = Release|Win32
		{DC26A5B5-9D2F-4277-8EF4-CB7F392F3527}.Release|x86.Build.0 = Release|Win32
		{6738C85B-FFE0-43F4-B453-EADC85C440F8}.Debug|x64.ActiveCfg = Debug|x64
		{6738C85B-FFE0-43F4-B453-EADC85C440F8}.Debug|x64.Build.0 = Debug|x64
		{6738C85B-FFE0-43F4-B453-EADC85C440F8}.Debug|x86.ActiveCfg = Debug|Win32
		{6738C85B-FFE0-43F4-B453-EADC85C440F8}.Debug|x86.Build.0 = Debug|Win32
		{6738C85B-FFE0-43F4-B453-EADC85C440F8}.Release|x64.ActiveCfg = Release|x64
		{6738C85B-FFE0-43F4-B453-EADC85C440F8}.Release|x64.Build.0 = Release|x64
		{6738C85B-FFE0-43F4-B453-EADC85C440F8}.Release|x86.ActiveCfg = Release|Win32
		{6738C85B-FFE0-43F4-B453-EADC85C440F8}.Release|x86.Build.0 = Release|Win32
		{FB7330D2-D745-45C6-A8E2-F3D2E9F2872C}.Debug|x64.ActiveCfg = Debug|x64
		{FB7330D2-D745-45C6-A8E2-F3D2E9F2872C}.Debug|x64.Build.0 = Debug|x64
		{FB7330D2-D745-45C6-A8E2-F3D2E9F2872C}.Debug|x86.ActiveCfg = Debug|Win32
		{FB7330D2-D745-45C6-A8E2-F3D2E9F2872C}.Debug|x86.Build.0 = Debug|Win32
		{FB7330D2-D745-45C6-A8E2-F3D2E9F2872C}.Release|x64.ActiveCfg = Release|x64
		{FB7330D2-D745-45C6-A8E2-F3D2E9F2872C}.Release|x64.Build.0 = Release|x64
		{FB7330D2-D745-45C6-A8E2-F3D2E9F2872C}.Release|x86.ActiveCfg = Release|Win32
		{FB7330D2-D745-45C6-A8E2-F3D2E9F2872C}.Release|x86.Build.0 = Release|Win32
		{A7D1FF8A-1647-4938-9E5E-E46398D91C25}.Debug|x64.ActiveCfg = Debug|x64
		{A7D1FF8A-1647-4938-9E5E-E46398D91C25}.Debug|x64.Build.0 = Debug|x64
		{A7D1FF8A-1647-4938-9E5E-E46398D91C25}.Debug|x86.ActiveCfg = Debug|Win32
		{A7D1FF8A-1647-4938-9E5E-E46398D91C25}.Debug|x86.Build.0 = Debug|Win32
		{A7D1FF8A-1647-4938-9E5E-E46398D91C25}.Release|x64.ActiveCfg = Release|x64
		{A7D1FF8A-1647-4938-9E5E-E46398D91C25}.Release|x64.Build.0 = Release|x64
		{A7D1FF8A-1647-4938-9E5E-E46398D91C25}.Release|x86.ActiveCfg = Release|Win32
		{A7D1FF8A-1647-4938-9E5E-E46398D91C25}.Release|x86.Build.0 = Release|Win32
		{CC568E63-2135-4CDA-961A-6BC484CA915A}.Debug|x64.ActiveCfg = Debug|x64
		{CC568E63-2135-4CDA-961A-6BC484CA915A}.Debug|x64.Build.0 = Debug|x64
		{CC568E63-2135-4CDA-961A-6BC484CA915A}.Debug|x86.ActiveCfg = Debug|Win32
		{CC568E63-2135-4CDA-961A-6BC484CA915A}.Debug|x86.Build.0 = Debug|Win32
		{CC568E63-2135-4CDA-961A-6BC484CA915A}.Release|x64.ActiveCfg = Release|x64
		{CC568E63-2135-4CDA-961A-6BC484CA915A}.Release|x64.Build.0 = Release|x64
		{CC568E63-2135-4CDA-961A-6BC484CA915A}.Release|x86.ActiveCfg = Release|Win32
		{CC568E63-2135-4CDA-961A-6BC484CA915A}.Release|x86.Build.0 = Release|Win32
		{E50A15E9-3F5C-4768-A045-1874DACA1DF9}.Debug|x64.ActiveCfg = Debug|x64
		{E50A15E9-3F5C-4768-A045-1874DACA1DF9}.Debug|x64.Build.0 = Debug|x64
		{E50A15E9-3F5C-4768-A045-1874DACA1DF9}.Debug|x86.ActiveCfg = Debug|Win32
		{E50A15E9-3F5C-4768-A045-1874DACA1DF9}.Debug|x86.Build.0 = Debug|Win32
		{E50A15E9-3F5C-4768-A045-1874DACA1DF9}.Release|x64.ActiveCfg = Release|x64
		{E50A15E9-3F5C-4768-A045-1874DACA1DF9}.Release|x64.Build.0 = Release|x64
		{E50A15E9-3F5C-4768-A045-1874DACA1DF9}.Release|x86.ActiveCfg = Release|Win32
		{E50A15E9-3F5C-4768-A045-1874DACA1DF9}.Release|x86.Build.0 = Release|Win32
		{F540BC3C-2432-4946-9B96-969A443F4F7C}.Debug|x64.ActiveCfg = Debug|x64
		{F540BC3C-2432-4946-9B96-969A443F4F7C}.Debug|x64.Build.0 = Debug|x64
		{F540BC3C-2432-4946-9B96-969A443F4F7C}.Debug|x86.ActiveCfg = Debug|Win32
		{F540BC3C-2432-4946-9B96-969A443F4F7C}.Debug|x86.Build.0 = Debug|Win32
		{F540BC3C-2432-4946-9B96-969A443F4F7C}.Release|x64.ActiveCfg = Release|x64
		{F540BC3C-2432-4946-9B96-969A443F4F7C}.Release|x64.Build.0 = Release|x64
		{F540BC3C-2432-4946-9B96-969A443F4F7C}.Release|x86.ActiveCfg = Release|Win32
		{F540BC3C-2432-4946-9B96-969A443F4F7C}.Release|x86.Build.0 = Release|Win32
	EndGlobalSection
	GlobalSection(SolutionProperties) = preSolution
		HideSolutionNode = FALSE
	EndGlobalSection
	GlobalSection(ExtensibilityGlobals) = postSolution
		SolutionGuid = {CEE992C5-CC8A-4E87-ACC1-A5DD52C79D1B}
	EndGlobalSection
EndGlobal
