
Microsoft Visual Studio Solution File, Format Version 12.00
# Visual Studio Version 17
VisualStudioVersion = 17.1.32210.238
MinimumVisualStudioVersion = 10.0.40219.1
Project("{8BC9CEB8-8B4A-11D0-8D11-00A0C91BC942}") = "C3T1-name_and_age", "C3T1\C3T1.vcxproj", "{4595C590-430A-4F37-9806-A547549F5297}"
EndProject
Project("{8BC9CEB8-8B4A-11D0-8D11-00A0C91BC942}") = "C3T2-calculate_integer", "C3T2\C3T2.vcxproj", "{2E5BB63F-225A-43BD-A462-F1A33BB00C20}"
EndProject
Project("{8BC9CEB8-8B4A-11D0-8D11-00A0C91BC942}") = "C3T6-double_int_char", "C3T6\C3T6.vcxproj", "{FDCAEFF9-FC09-49E6-9D63-CEEBEB1534AF}"
EndProject
Project("{8BC9CEB8-8B4A-11D0-8D11-00A0C91BC942}") = "C4T1-switch", "C4T1\C4T1.vcxproj", "{B1BDE40E-C9E8-4E92-85A4-4BEE3DBF2828}"
EndProject
Project("{8BC9CEB8-8B4A-11D0-8D11-00A0C91BC942}") = "C4T3-alphabeta", "C4T3-alphabeta\C4T3-alphabeta.vcxproj", "{DECACACC-1119-4662-91B2-6361358D4A6B}"
EndProject
Project("{8BC9CEB8-8B4A-11D0-8D11-00A0C91BC942}") = "C4T5-squaretable", "C4T5-squaretable\C4T5-squaretable.vcxproj", "{58BAB667-051D-4112-A180-62DCA3CB8B84}"
EndProject
Project("{8BC9CEB8-8B4A-11D0-8D11-00A0C91BC942}") = "C4T6-dictionary_with_dislikes", "C4T6-dictionary\C4T6-dictionary.vcxproj", "{8D98ED8B-05B1-461F-884F-5291A8DCB132}"
EndProject
Project("{8BC9CEB8-8B4A-11D0-8D11-00A0C91BC942}") = "C5T4-error", "C5T4\C5T4.vcxproj", "{F527DAF3-5377-46FB-8BC0-DC46416F04D4}"
EndProject
Project("{8BC9CEB8-8B4A-11D0-8D11-00A0C91BC942}") = "C6-stupid_calculator", "C6-calculater\C6-calculater.vcxproj", "{F2642992-AC9F-40B2-ADE7-99F9CE9A00B7}"
EndProject
Project("{8BC9CEB8-8B4A-11D0-8D11-00A0C91BC942}") = "C7_calculator", "C6_calculater_self2\C6_calculater_self2.vcxproj", "{241CB048-94F4-4F14-A5B9-6995D925E01A}"
EndProject
Project("{8BC9CEB8-8B4A-11D0-8D11-00A0C91BC942}") = "cintest", "cintest\cintest.vcxproj", "{2C311B70-1BE3-4478-865D-B67815007C03}"
EndProject
Project("{8BC9CEB8-8B4A-11D0-8D11-00A0C91BC942}") = "ConsoleApplication2", "ConsoleApplication2\ConsoleApplication2.vcxproj", "{D6A368BF-7A84-4511-88B1-CCA9BB38E2A3}"
EndProject
Project("{8BC9CEB8-8B4A-11D0-8D11-00A0C91BC942}") = "ConsoleApplication3", "ConsoleApplication3\ConsoleApplication3.vcxproj", "{2E3976B8-6B3A-44B1-9AE7-4684A6D27868}"
EndProject
Global
	GlobalSection(SolutionConfigurationPlatforms) = preSolution
		Debug|ARM = Debug|ARM
		Debug|ARM64 = Debug|ARM64
		Debug|x64 = Debug|x64
		Debug|x86 = Debug|x86
		Release|ARM = Release|ARM
		Release|ARM64 = Release|ARM64
		Release|x64 = Release|x64
		Release|x86 = Release|x86
	EndGlobalSection
	GlobalSection(ProjectConfigurationPlatforms) = postSolution
		{4595C590-430A-4F37-9806-A547549F5297}.Debug|ARM.ActiveCfg = Debug|x64
		{4595C590-430A-4F37-9806-A547549F5297}.Debug|ARM.Build.0 = Debug|x64
		{4595C590-430A-4F37-9806-A547549F5297}.Debug|ARM64.ActiveCfg = Debug|x64
		{4595C590-430A-4F37-9806-A547549F5297}.Debug|ARM64.Build.0 = Debug|x64
		{4595C590-430A-4F37-9806-A547549F5297}.Debug|x64.ActiveCfg = Debug|x64
		{4595C590-430A-4F37-9806-A547549F5297}.Debug|x64.Build.0 = Debug|x64
		{4595C590-430A-4F37-9806-A547549F5297}.Debug|x86.ActiveCfg = Debug|Win32
		{4595C590-430A-4F37-9806-A547549F5297}.Debug|x86.Build.0 = Debug|Win32
		{4595C590-430A-4F37-9806-A547549F5297}.Release|ARM.ActiveCfg = Release|x64
		{4595C590-430A-4F37-9806-A547549F5297}.Release|ARM.Build.0 = Release|x64
		{4595C590-430A-4F37-9806-A547549F5297}.Release|ARM64.ActiveCfg = Release|x64
		{4595C590-430A-4F37-9806-A547549F5297}.Release|ARM64.Build.0 = Release|x64
		{4595C590-430A-4F37-9806-A547549F5297}.Release|x64.ActiveCfg = Release|x64
		{4595C590-430A-4F37-9806-A547549F5297}.Release|x64.Build.0 = Release|x64
		{4595C590-430A-4F37-9806-A547549F5297}.Release|x86.ActiveCfg = Release|Win32
		{4595C590-430A-4F37-9806-A547549F5297}.Release|x86.Build.0 = Release|Win32
		{2E5BB63F-225A-43BD-A462-F1A33BB00C20}.Debug|ARM.ActiveCfg = Debug|x64
		{2E5BB63F-225A-43BD-A462-F1A33BB00C20}.Debug|ARM.Build.0 = Debug|x64
		{2E5BB63F-225A-43BD-A462-F1A33BB00C20}.Debug|ARM64.ActiveCfg = Debug|x64
		{2E5BB63F-225A-43BD-A462-F1A33BB00C20}.Debug|ARM64.Build.0 = Debug|x64
		{2E5BB63F-225A-43BD-A462-F1A33BB00C20}.Debug|x64.ActiveCfg = Debug|x64
		{2E5BB63F-225A-43BD-A462-F1A33BB00C20}.Debug|x64.Build.0 = Debug|x64
		{2E5BB63F-225A-43BD-A462-F1A33BB00C20}.Debug|x86.ActiveCfg = Debug|Win32
		{2E5BB63F-225A-43BD-A462-F1A33BB00C20}.Debug|x86.Build.0 = Debug|Win32
		{2E5BB63F-225A-43BD-A462-F1A33BB00C20}.Release|ARM.ActiveCfg = Release|x64
		{2E5BB63F-225A-43BD-A462-F1A33BB00C20}.Release|ARM.Build.0 = Release|x64
		{2E5BB63F-225A-43BD-A462-F1A33BB00C20}.Release|ARM64.ActiveCfg = Release|x64
		{2E5BB63F-225A-43BD-A462-F1A33BB00C20}.Release|ARM64.Build.0 = Release|x64
		{2E5BB63F-225A-43BD-A462-F1A33BB00C20}.Release|x64.ActiveCfg = Release|x64
		{2E5BB63F-225A-43BD-A462-F1A33BB00C20}.Release|x64.Build.0 = Release|x64
		{2E5BB63F-225A-43BD-A462-F1A33BB00C20}.Release|x86.ActiveCfg = Release|Win32
		{2E5BB63F-225A-43BD-A462-F1A33BB00C20}.Release|x86.Build.0 = Release|Win32
		{FDCAEFF9-FC09-49E6-9D63-CEEBEB1534AF}.Debug|ARM.ActiveCfg = Debug|x64
		{FDCAEFF9-FC09-49E6-9D63-CEEBEB1534AF}.Debug|ARM.Build.0 = Debug|x64
		{FDCAEFF9-FC09-49E6-9D63-CEEBEB1534AF}.Debug|ARM64.ActiveCfg = Debug|x64
		{FDCAEFF9-FC09-49E6-9D63-CEEBEB1534AF}.Debug|ARM64.Build.0 = Debug|x64
		{FDCAEFF9-FC09-49E6-9D63-CEEBEB1534AF}.Debug|x64.ActiveCfg = Debug|x64
		{FDCAEFF9-FC09-49E6-9D63-CEEBEB1534AF}.Debug|x64.Build.0 = Debug|x64
		{FDCAEFF9-FC09-49E6-9D63-CEEBEB1534AF}.Debug|x86.ActiveCfg = Debug|Win32
		{FDCAEFF9-FC09-49E6-9D63-CEEBEB1534AF}.Debug|x86.Build.0 = Debug|Win32
		{FDCAEFF9-FC09-49E6-9D63-CEEBEB1534AF}.Release|ARM.ActiveCfg = Release|x64
		{FDCAEFF9-FC09-49E6-9D63-CEEBEB1534AF}.Release|ARM.Build.0 = Release|x64
		{FDCAEFF9-FC09-49E6-9D63-CEEBEB1534AF}.Release|ARM64.ActiveCfg = Release|x64
		{FDCAEFF9-FC09-49E6-9D63-CEEBEB1534AF}.Release|ARM64.Build.0 = Release|x64
		{FDCAEFF9-FC09-49E6-9D63-CEEBEB1534AF}.Release|x64.ActiveCfg = Release|x64
		{FDCAEFF9-FC09-49E6-9D63-CEEBEB1534AF}.Release|x64.Build.0 = Release|x64
		{FDCAEFF9-FC09-49E6-9D63-CEEBEB1534AF}.Release|x86.ActiveCfg = Release|Win32
		{FDCAEFF9-FC09-49E6-9D63-CEEBEB1534AF}.Release|x86.Build.0 = Release|Win32
		{B1BDE40E-C9E8-4E92-85A4-4BEE3DBF2828}.Debug|ARM.ActiveCfg = Debug|x64
		{B1BDE40E-C9E8-4E92-85A4-4BEE3DBF2828}.Debug|ARM.Build.0 = Debug|x64
		{B1BDE40E-C9E8-4E92-85A4-4BEE3DBF2828}.Debug|ARM64.ActiveCfg = Debug|x64
		{B1BDE40E-C9E8-4E92-85A4-4BEE3DBF2828}.Debug|ARM64.Build.0 = Debug|x64
		{B1BDE40E-C9E8-4E92-85A4-4BEE3DBF2828}.Debug|x64.ActiveCfg = Debug|x64
		{B1BDE40E-C9E8-4E92-85A4-4BEE3DBF2828}.Debug|x64.Build.0 = Debug|x64
		{B1BDE40E-C9E8-4E92-85A4-4BEE3DBF2828}.Debug|x86.ActiveCfg = Debug|Win32
		{B1BDE40E-C9E8-4E92-85A4-4BEE3DBF2828}.Debug|x86.Build.0 = Debug|Win32
		{B1BDE40E-C9E8-4E92-85A4-4BEE3DBF2828}.Release|ARM.ActiveCfg = Release|x64
		{B1BDE40E-C9E8-4E92-85A4-4BEE3DBF2828}.Release|ARM.Build.0 = Release|x64
		{B1BDE40E-C9E8-4E92-85A4-4BEE3DBF2828}.Release|ARM64.ActiveCfg = Release|x64
		{B1BDE40E-C9E8-4E92-85A4-4BEE3DBF2828}.Release|ARM64.Build.0 = Release|x64
		{B1BDE40E-C9E8-4E92-85A4-4BEE3DBF2828}.Release|x64.ActiveCfg = Release|x64
		{B1BDE40E-C9E8-4E92-85A4-4BEE3DBF2828}.Release|x64.Build.0 = Release|x64
		{B1BDE40E-C9E8-4E92-85A4-4BEE3DBF2828}.Release|x86.ActiveCfg = Release|Win32
		{B1BDE40E-C9E8-4E92-85A4-4BEE3DBF2828}.Release|x86.Build.0 = Release|Win32
		{DECACACC-1119-4662-91B2-6361358D4A6B}.Debug|ARM.ActiveCfg = Debug|x64
		{DECACACC-1119-4662-91B2-6361358D4A6B}.Debug|ARM.Build.0 = Debug|x64
		{DECACACC-1119-4662-91B2-6361358D4A6B}.Debug|ARM64.ActiveCfg = Debug|x64
		{DECACACC-1119-4662-91B2-6361358D4A6B}.Debug|ARM64.Build.0 = Debug|x64
		{DECACACC-1119-4662-91B2-6361358D4A6B}.Debug|x64.ActiveCfg = Debug|x64
		{DECACACC-1119-4662-91B2-6361358D4A6B}.Debug|x64.Build.0 = Debug|x64
		{DECACACC-1119-4662-91B2-6361358D4A6B}.Debug|x86.ActiveCfg = Debug|Win32
		{DECACACC-1119-4662-91B2-6361358D4A6B}.Debug|x86.Build.0 = Debug|Win32
		{DECACACC-1119-4662-91B2-6361358D4A6B}.Release|ARM.ActiveCfg = Release|x64
		{DECACACC-1119-4662-91B2-6361358D4A6B}.Release|ARM.Build.0 = Release|x64
		{DECACACC-1119-4662-91B2-6361358D4A6B}.Release|ARM64.ActiveCfg = Release|x64
		{DECACACC-1119-4662-91B2-6361358D4A6B}.Release|ARM64.Build.0 = Release|x64
		{DECACACC-1119-4662-91B2-6361358D4A6B}.Release|x64.ActiveCfg = Release|x64
		{DECACACC-1119-4662-91B2-6361358D4A6B}.Release|x64.Build.0 = Release|x64
		{DECACACC-1119-4662-91B2-6361358D4A6B}.Release|x86.ActiveCfg = Release|Win32
		{DECACACC-1119-4662-91B2-6361358D4A6B}.Release|x86.Build.0 = Release|Win32
		{58BAB667-051D-4112-A180-62DCA3CB8B84}.Debug|ARM.ActiveCfg = Debug|x64
		{58BAB667-051D-4112-A180-62DCA3CB8B84}.Debug|ARM.Build.0 = Debug|x64
		{58BAB667-051D-4112-A180-62DCA3CB8B84}.Debug|ARM64.ActiveCfg = Debug|x64
		{58BAB667-051D-4112-A180-62DCA3CB8B84}.Debug|ARM64.Build.0 = Debug|x64
		{58BAB667-051D-4112-A180-62DCA3CB8B84}.Debug|x64.ActiveCfg = Debug|x64
		{58BAB667-051D-4112-A180-62DCA3CB8B84}.Debug|x64.Build.0 = Debug|x64
		{58BAB667-051D-4112-A180-62DCA3CB8B84}.Debug|x86.ActiveCfg = Debug|Win32
		{58BAB667-051D-4112-A180-62DCA3CB8B84}.Debug|x86.Build.0 = Debug|Win32
		{58BAB667-051D-4112-A180-62DCA3CB8B84}.Release|ARM.ActiveCfg = Release|x64
		{58BAB667-051D-4112-A180-62DCA3CB8B84}.Release|ARM.Build.0 = Release|x64
		{58BAB667-051D-4112-A180-62DCA3CB8B84}.Release|ARM64.ActiveCfg = Release|x64
		{58BAB667-051D-4112-A180-62DCA3CB8B84}.Release|ARM64.Build.0 = Release|x64
		{58BAB667-051D-4112-A180-62DCA3CB8B84}.Release|x64.ActiveCfg = Release|x64
		{58BAB667-051D-4112-A180-62DCA3CB8B84}.Release|x64.Build.0 = Release|x64
		{58BAB667-051D-4112-A180-62DCA3CB8B84}.Release|x86.ActiveCfg = Release|Win32
		{58BAB667-051D-4112-A180-62DCA3CB8B84}.Release|x86.Build.0 = Release|Win32
		{8D98ED8B-05B1-461F-884F-5291A8DCB132}.Debug|ARM.ActiveCfg = Debug|x64
		{8D98ED8B-05B1-461F-884F-5291A8DCB132}.Debug|ARM.Build.0 = Debug|x64
		{8D98ED8B-05B1-461F-884F-5291A8DCB132}.Debug|ARM64.ActiveCfg = Debug|x64
		{8D98ED8B-05B1-461F-884F-5291A8DCB132}.Debug|ARM64.Build.0 = Debug|x64
		{8D98ED8B-05B1-461F-884F-5291A8DCB132}.Debug|x64.ActiveCfg = Debug|x64
		{8D98ED8B-05B1-461F-884F-5291A8DCB132}.Debug|x64.Build.0 = Debug|x64
		{8D98ED8B-05B1-461F-884F-5291A8DCB132}.Debug|x86.ActiveCfg = Debug|Win32
		{8D98ED8B-05B1-461F-884F-5291A8DCB132}.Debug|x86.Build.0 = Debug|Win32
		{8D98ED8B-05B1-461F-884F-5291A8DCB132}.Release|ARM.ActiveCfg = Release|x64
		{8D98ED8B-05B1-461F-884F-5291A8DCB132}.Release|ARM.Build.0 = Release|x64
		{8D98ED8B-05B1-461F-884F-5291A8DCB132}.Release|ARM64.ActiveCfg = Release|x64
		{8D98ED8B-05B1-461F-884F-5291A8DCB132}.Release|ARM64.Build.0 = Release|x64
		{8D98ED8B-05B1-461F-884F-5291A8DCB132}.Release|x64.ActiveCfg = Release|x64
		{8D98ED8B-05B1-461F-884F-5291A8DCB132}.Release|x64.Build.0 = Release|x64
		{8D98ED8B-05B1-461F-884F-5291A8DCB132}.Release|x86.ActiveCfg = Release|Win32
		{8D98ED8B-05B1-461F-884F-5291A8DCB132}.Release|x86.Build.0 = Release|Win32
		{F527DAF3-5377-46FB-8BC0-DC46416F04D4}.Debug|ARM.ActiveCfg = Debug|x64
		{F527DAF3-5377-46FB-8BC0-DC46416F04D4}.Debug|ARM.Build.0 = Debug|x64
		{F527DAF3-5377-46FB-8BC0-DC46416F04D4}.Debug|ARM64.ActiveCfg = Debug|x64
		{F527DAF3-5377-46FB-8BC0-DC46416F04D4}.Debug|ARM64.Build.0 = Debug|x64
		{F527DAF3-5377-46FB-8BC0-DC46416F04D4}.Debug|x64.ActiveCfg = Debug|x64
		{F527DAF3-5377-46FB-8BC0-DC46416F04D4}.Debug|x64.Build.0 = Debug|x64
		{F527DAF3-5377-46FB-8BC0-DC46416F04D4}.Debug|x86.ActiveCfg = Debug|Win32
		{F527DAF3-5377-46FB-8BC0-DC46416F04D4}.Debug|x86.Build.0 = Debug|Win32
		{F527DAF3-5377-46FB-8BC0-DC46416F04D4}.Release|ARM.ActiveCfg = Release|x64
		{F527DAF3-5377-46FB-8BC0-DC46416F04D4}.Release|ARM.Build.0 = Release|x64
		{F527DAF3-5377-46FB-8BC0-DC46416F04D4}.Release|ARM64.ActiveCfg = Release|x64
		{F527DAF3-5377-46FB-8BC0-DC46416F04D4}.Release|ARM64.Build.0 = Release|x64
		{F527DAF3-5377-46FB-8BC0-DC46416F04D4}.Release|x64.ActiveCfg = Release|x64
		{F527DAF3-5377-46FB-8BC0-DC46416F04D4}.Release|x64.Build.0 = Release|x64
		{F527DAF3-5377-46FB-8BC0-DC46416F04D4}.Release|x86.ActiveCfg = Release|Win32
		{F527DAF3-5377-46FB-8BC0-DC46416F04D4}.Release|x86.Build.0 = Release|Win32
		{F2642992-AC9F-40B2-ADE7-99F9CE9A00B7}.Debug|ARM.ActiveCfg = Debug|x64
		{F2642992-AC9F-40B2-ADE7-99F9CE9A00B7}.Debug|ARM.Build.0 = Debug|x64
		{F2642992-AC9F-40B2-ADE7-99F9CE9A00B7}.Debug|ARM64.ActiveCfg = Debug|x64
		{F2642992-AC9F-40B2-ADE7-99F9CE9A00B7}.Debug|ARM64.Build.0 = Debug|x64
		{F2642992-AC9F-40B2-ADE7-99F9CE9A00B7}.Debug|x64.ActiveCfg = Debug|x64
		{F2642992-AC9F-40B2-ADE7-99F9CE9A00B7}.Debug|x64.Build.0 = Debug|x64
		{F2642992-AC9F-40B2-ADE7-99F9CE9A00B7}.Debug|x86.ActiveCfg = Debug|Win32
		{F2642992-AC9F-40B2-ADE7-99F9CE9A00B7}.Debug|x86.Build.0 = Debug|Win32
		{F2642992-AC9F-40B2-ADE7-99F9CE9A00B7}.Release|ARM.ActiveCfg = Release|x64
		{F2642992-AC9F-40B2-ADE7-99F9CE9A00B7}.Release|ARM.Build.0 = Release|x64
		{F2642992-AC9F-40B2-ADE7-99F9CE9A00B7}.Release|ARM64.ActiveCfg = Release|x64
		{F2642992-AC9F-40B2-ADE7-99F9CE9A00B7}.Release|ARM64.Build.0 = Release|x64
		{F2642992-AC9F-40B2-ADE7-99F9CE9A00B7}.Release|x64.ActiveCfg = Release|x64
		{F2642992-AC9F-40B2-ADE7-99F9CE9A00B7}.Release|x64.Build.0 = Release|x64
		{F2642992-AC9F-40B2-ADE7-99F9CE9A00B7}.Release|x86.ActiveCfg = Release|Win32
		{F2642992-AC9F-40B2-ADE7-99F9CE9A00B7}.Release|x86.Build.0 = Release|Win32
		{241CB048-94F4-4F14-A5B9-6995D925E01A}.Debug|ARM.ActiveCfg = Debug|x64
		{241CB048-94F4-4F14-A5B9-6995D925E01A}.Debug|ARM.Build.0 = Debug|x64
		{241CB048-94F4-4F14-A5B9-6995D925E01A}.Debug|ARM64.ActiveCfg = Debug|x64
		{241CB048-94F4-4F14-A5B9-6995D925E01A}.Debug|ARM64.Build.0 = Debug|x64
		{241CB048-94F4-4F14-A5B9-6995D925E01A}.Debug|x64.ActiveCfg = Debug|x64
		{241CB048-94F4-4F14-A5B9-6995D925E01A}.Debug|x64.Build.0 = Debug|x64
		{241CB048-94F4-4F14-A5B9-6995D925E01A}.Debug|x86.ActiveCfg = Debug|Win32
		{241CB048-94F4-4F14-A5B9-6995D925E01A}.Debug|x86.Build.0 = Debug|Win32
		{241CB048-94F4-4F14-A5B9-6995D925E01A}.Release|ARM.ActiveCfg = Release|x64
		{241CB048-94F4-4F14-A5B9-6995D925E01A}.Release|ARM.Build.0 = Release|x64
		{241CB048-94F4-4F14-A5B9-6995D925E01A}.Release|ARM64.ActiveCfg = Release|x64
		{241CB048-94F4-4F14-A5B9-6995D925E01A}.Release|ARM64.Build.0 = Release|x64
		{241CB048-94F4-4F14-A5B9-6995D925E01A}.Release|x64.ActiveCfg = Release|x64
		{241CB048-94F4-4F14-A5B9-6995D925E01A}.Release|x64.Build.0 = Release|x64
		{241CB048-94F4-4F14-A5B9-6995D925E01A}.Release|x86.ActiveCfg = Release|Win32
		{241CB048-94F4-4F14-A5B9-6995D925E01A}.Release|x86.Build.0 = Release|Win32
		{2C311B70-1BE3-4478-865D-B67815007C03}.Debug|ARM.ActiveCfg = Debug|x64
		{2C311B70-1BE3-4478-865D-B67815007C03}.Debug|ARM.Build.0 = Debug|x64
		{2C311B70-1BE3-4478-865D-B67815007C03}.Debug|ARM64.ActiveCfg = Debug|x64
		{2C311B70-1BE3-4478-865D-B67815007C03}.Debug|ARM64.Build.0 = Debug|x64
		{2C311B70-1BE3-4478-865D-B67815007C03}.Debug|x64.ActiveCfg = Debug|x64
		{2C311B70-1BE3-4478-865D-B67815007C03}.Debug|x64.Build.0 = Debug|x64
		{2C311B70-1BE3-4478-865D-B67815007C03}.Debug|x86.ActiveCfg = Debug|Win32
		{2C311B70-1BE3-4478-865D-B67815007C03}.Debug|x86.Build.0 = Debug|Win32
		{2C311B70-1BE3-4478-865D-B67815007C03}.Release|ARM.ActiveCfg = Release|x64
		{2C311B70-1BE3-4478-865D-B67815007C03}.Release|ARM.Build.0 = Release|x64
		{2C311B70-1BE3-4478-865D-B67815007C03}.Release|ARM64.ActiveCfg = Release|x64
		{2C311B70-1BE3-4478-865D-B67815007C03}.Release|ARM64.Build.0 = Release|x64
		{2C311B70-1BE3-4478-865D-B67815007C03}.Release|x64.ActiveCfg = Release|x64
		{2C311B70-1BE3-4478-865D-B67815007C03}.Release|x64.Build.0 = Release|x64
		{2C311B70-1BE3-4478-865D-B67815007C03}.Release|x86.ActiveCfg = Release|Win32
		{2C311B70-1BE3-4478-865D-B67815007C03}.Release|x86.Build.0 = Release|Win32
		{D6A368BF-7A84-4511-88B1-CCA9BB38E2A3}.Debug|ARM.ActiveCfg = Debug|ARM
		{D6A368BF-7A84-4511-88B1-CCA9BB38E2A3}.Debug|ARM.Build.0 = Debug|ARM
		{D6A368BF-7A84-4511-88B1-CCA9BB38E2A3}.Debug|ARM.Deploy.0 = Debug|ARM
		{D6A368BF-7A84-4511-88B1-CCA9BB38E2A3}.Debug|ARM64.ActiveCfg = Debug|ARM64
		{D6A368BF-7A84-4511-88B1-CCA9BB38E2A3}.Debug|ARM64.Build.0 = Debug|ARM64
		{D6A368BF-7A84-4511-88B1-CCA9BB38E2A3}.Debug|ARM64.Deploy.0 = Debug|ARM64
		{D6A368BF-7A84-4511-88B1-CCA9BB38E2A3}.Debug|x64.ActiveCfg = Debug|x64
		{D6A368BF-7A84-4511-88B1-CCA9BB38E2A3}.Debug|x64.Build.0 = Debug|x64
		{D6A368BF-7A84-4511-88B1-CCA9BB38E2A3}.Debug|x64.Deploy.0 = Debug|x64
		{D6A368BF-7A84-4511-88B1-CCA9BB38E2A3}.Debug|x86.ActiveCfg = Debug|x86
		{D6A368BF-7A84-4511-88B1-CCA9BB38E2A3}.Debug|x86.Build.0 = Debug|x86
		{D6A368BF-7A84-4511-88B1-CCA9BB38E2A3}.Debug|x86.Deploy.0 = Debug|x86
		{D6A368BF-7A84-4511-88B1-CCA9BB38E2A3}.Release|ARM.ActiveCfg = Release|ARM
		{D6A368BF-7A84-4511-88B1-CCA9BB38E2A3}.Release|ARM.Build.0 = Release|ARM
		{D6A368BF-7A84-4511-88B1-CCA9BB38E2A3}.Release|ARM.Deploy.0 = Release|ARM
		{D6A368BF-7A84-4511-88B1-CCA9BB38E2A3}.Release|ARM64.ActiveCfg = Release|ARM64
		{D6A368BF-7A84-4511-88B1-CCA9BB38E2A3}.Release|ARM64.Build.0 = Release|ARM64
		{D6A368BF-7A84-4511-88B1-CCA9BB38E2A3}.Release|ARM64.Deploy.0 = Release|ARM64
		{D6A368BF-7A84-4511-88B1-CCA9BB38E2A3}.Release|x64.ActiveCfg = Release|x64
		{D6A368BF-7A84-4511-88B1-CCA9BB38E2A3}.Release|x64.Build.0 = Release|x64
		{D6A368BF-7A84-4511-88B1-CCA9BB38E2A3}.Release|x64.Deploy.0 = Release|x64
		{D6A368BF-7A84-4511-88B1-CCA9BB38E2A3}.Release|x86.ActiveCfg = Release|x86
		{D6A368BF-7A84-4511-88B1-CCA9BB38E2A3}.Release|x86.Build.0 = Release|x86
		{D6A368BF-7A84-4511-88B1-CCA9BB38E2A3}.Release|x86.Deploy.0 = Release|x86
		{2E3976B8-6B3A-44B1-9AE7-4684A6D27868}.Debug|ARM.ActiveCfg = Debug|x64
		{2E3976B8-6B3A-44B1-9AE7-4684A6D27868}.Debug|ARM.Build.0 = Debug|x64
		{2E3976B8-6B3A-44B1-9AE7-4684A6D27868}.Debug|ARM64.ActiveCfg = Debug|x64
		{2E3976B8-6B3A-44B1-9AE7-4684A6D27868}.Debug|ARM64.Build.0 = Debug|x64
		{2E3976B8-6B3A-44B1-9AE7-4684A6D27868}.Debug|x64.ActiveCfg = Debug|x64
		{2E3976B8-6B3A-44B1-9AE7-4684A6D27868}.Debug|x64.Build.0 = Debug|x64
		{2E3976B8-6B3A-44B1-9AE7-4684A6D27868}.Debug|x86.ActiveCfg = Debug|Win32
		{2E3976B8-6B3A-44B1-9AE7-4684A6D27868}.Debug|x86.Build.0 = Debug|Win32
		{2E3976B8-6B3A-44B1-9AE7-4684A6D27868}.Release|ARM.ActiveCfg = Release|x64
		{2E3976B8-6B3A-44B1-9AE7-4684A6D27868}.Release|ARM.Build.0 = Release|x64
		{2E3976B8-6B3A-44B1-9AE7-4684A6D27868}.Release|ARM64.ActiveCfg = Release|x64
		{2E3976B8-6B3A-44B1-9AE7-4684A6D27868}.Release|ARM64.Build.0 = Release|x64
		{2E3976B8-6B3A-44B1-9AE7-4684A6D27868}.Release|x64.ActiveCfg = Release|x64
		{2E3976B8-6B3A-44B1-9AE7-4684A6D27868}.Release|x64.Build.0 = Release|x64
		{2E3976B8-6B3A-44B1-9AE7-4684A6D27868}.Release|x86.ActiveCfg = Release|Win32
		{2E3976B8-6B3A-44B1-9AE7-4684A6D27868}.Release|x86.Build.0 = Release|Win32
	EndGlobalSection
	GlobalSection(SolutionProperties) = preSolution
		HideSolutionNode = FALSE
	EndGlobalSection
	GlobalSection(ExtensibilityGlobals) = postSolution
		SolutionGuid = {5218D866-0CFC-492B-8D63-409378AE0056}
	EndGlobalSection
EndGlobal
