
Microsoft Visual Studio Solution File, Format Version 12.00
# Visual Studio Version 17
VisualStudioVersion = 17.2.32314.265
MinimumVisualStudioVersion = 10.0.40219.1
Project("{8BC9CEB8-8B4A-11D0-8D11-00A0C91BC942}") = "vector", "vector\vector.vcxproj", "{5E57C984-EDF2-4B8D-AB11-071068099F29}"
EndProject
Project("{8BC9CEB8-8B4A-11D0-8D11-00A0C91BC942}") = "free space distribution", "free space distribution\free space distribution.vcxproj", "{A1B409CA-20C1-40FD-981E-AB450C72768A}"
EndProject
Project("{8BC9CEB8-8B4A-11D0-8D11-00A0C91BC942}") = "12.5 deconstruct", "12.5 deconstruct\12.5 deconstruct.vcxproj", "{946A0114-3339-4332-8254-289C35298B4F}"
EndProject
Project("{8BC9CEB8-8B4A-11D0-8D11-00A0C91BC942}") = "12.8 type conversion", "12.8 type conversion\12.8 type conversion.vcxproj", "{99983538-0C4E-4EEB-A2B7-BF993F71C44C}"
EndProject
Project("{8BC9CEB8-8B4A-11D0-8D11-00A0C91BC942}") = "Project1", "Project1\Project1.vcxproj", "{C87A05B8-17CD-4DF0-99AD-C6FB048338A9}"
EndProject
Project("{8BC9CEB8-8B4A-11D0-8D11-00A0C91BC942}") = "Link", "Link\Link.vcxproj", "{719B4418-83F3-4EA1-A200-2CE7CCF172CB}"
EndProject
Project("{8BC9CEB8-8B4A-11D0-8D11-00A0C91BC942}") = "13.2 initializer list", "13.2 initializer list\13.2 initializer list.vcxproj", "{B9DF83EB-2918-4E8B-B2CA-3827FF07188C}"
EndProject
Project("{8BC9CEB8-8B4A-11D0-8D11-00A0C91BC942}") = "13.7 plaindrome", "13.7 plaindrome\13.7 plaindrome.vcxproj", "{35C3C189-5073-45F3-A434-4A278A47D3C7}"
EndProject
Project("{8BC9CEB8-8B4A-11D0-8D11-00A0C91BC942}") = "13.7 plaindrome by array", "13.7 plaindrome by array\13.7 plaindrome by array.vcxproj", "{95C2856D-EA4C-4D17-930F-B883F39B3581}"
EndProject
Project("{8BC9CEB8-8B4A-11D0-8D11-00A0C91BC942}") = "13.7 is palindrome by pointer", "13.7 is palindrome by pointer\13.7 is palindrome by pointer.vcxproj", "{96EF7B21-529E-4766-ACD4-31A9499944DF}"
EndProject
Global
	GlobalSection(SolutionConfigurationPlatforms) = preSolution
		Debug|x64 = Debug|x64
		Debug|x86 = Debug|x86
		Release|x64 = Release|x64
		Release|x86 = Release|x86
	EndGlobalSection
	GlobalSection(ProjectConfigurationPlatforms) = postSolution
		{5E57C984-EDF2-4B8D-AB11-071068099F29}.Debug|x64.ActiveCfg = Debug|x64
		{5E57C984-EDF2-4B8D-AB11-071068099F29}.Debug|x64.Build.0 = Debug|x64
		{5E57C984-EDF2-4B8D-AB11-071068099F29}.Debug|x86.ActiveCfg = Debug|Win32
		{5E57C984-EDF2-4B8D-AB11-071068099F29}.Debug|x86.Build.0 = Debug|Win32
		{5E57C984-EDF2-4B8D-AB11-071068099F29}.Release|x64.ActiveCfg = Release|x64
		{5E57C984-EDF2-4B8D-AB11-071068099F29}.Release|x64.Build.0 = Release|x64
		{5E57C984-EDF2-4B8D-AB11-071068099F29}.Release|x86.ActiveCfg = Release|Win32
		{5E57C984-EDF2-4B8D-AB11-071068099F29}.Release|x86.Build.0 = Release|Win32
		{A1B409CA-20C1-40FD-981E-AB450C72768A}.Debug|x64.ActiveCfg = Debug|x64
		{A1B409CA-20C1-40FD-981E-AB450C72768A}.Debug|x64.Build.0 = Debug|x64
		{A1B409CA-20C1-40FD-981E-AB450C72768A}.Debug|x86.ActiveCfg = Debug|Win32
		{A1B409CA-20C1-40FD-981E-AB450C72768A}.Debug|x86.Build.0 = Debug|Win32
		{A1B409CA-20C1-40FD-981E-AB450C72768A}.Release|x64.ActiveCfg = Release|x64
		{A1B409CA-20C1-40FD-981E-AB450C72768A}.Release|x64.Build.0 = Release|x64
		{A1B409CA-20C1-40FD-981E-AB450C72768A}.Release|x86.ActiveCfg = Release|Win32
		{A1B409CA-20C1-40FD-981E-AB450C72768A}.Release|x86.Build.0 = Release|Win32
		{946A0114-3339-4332-8254-289C35298B4F}.Debug|x64.ActiveCfg = Debug|x64
		{946A0114-3339-4332-8254-289C35298B4F}.Debug|x64.Build.0 = Debug|x64
		{946A0114-3339-4332-8254-289C35298B4F}.Debug|x86.ActiveCfg = Debug|Win32
		{946A0114-3339-4332-8254-289C35298B4F}.Debug|x86.Build.0 = Debug|Win32
		{946A0114-3339-4332-8254-289C35298B4F}.Release|x64.ActiveCfg = Release|x64
		{946A0114-3339-4332-8254-289C35298B4F}.Release|x64.Build.0 = Release|x64
		{946A0114-3339-4332-8254-289C35298B4F}.Release|x86.ActiveCfg = Release|Win32
		{946A0114-3339-4332-8254-289C35298B4F}.Release|x86.Build.0 = Release|Win32
		{99983538-0C4E-4EEB-A2B7-BF993F71C44C}.Debug|x64.ActiveCfg = Debug|x64
		{99983538-0C4E-4EEB-A2B7-BF993F71C44C}.Debug|x64.Build.0 = Debug|x64
		{99983538-0C4E-4EEB-A2B7-BF993F71C44C}.Debug|x86.ActiveCfg = Debug|Win32
		{99983538-0C4E-4EEB-A2B7-BF993F71C44C}.Debug|x86.Build.0 = Debug|Win32
		{99983538-0C4E-4EEB-A2B7-BF993F71C44C}.Release|x64.ActiveCfg = Release|x64
		{99983538-0C4E-4EEB-A2B7-BF993F71C44C}.Release|x64.Build.0 = Release|x64
		{99983538-0C4E-4EEB-A2B7-BF993F71C44C}.Release|x86.ActiveCfg = Release|Win32
		{99983538-0C4E-4EEB-A2B7-BF993F71C44C}.Release|x86.Build.0 = Release|Win32
		{C87A05B8-17CD-4DF0-99AD-C6FB048338A9}.Debug|x64.ActiveCfg = Debug|x64
		{C87A05B8-17CD-4DF0-99AD-C6FB048338A9}.Debug|x64.Build.0 = Debug|x64
		{C87A05B8-17CD-4DF0-99AD-C6FB048338A9}.Debug|x86.ActiveCfg = Debug|Win32
		{C87A05B8-17CD-4DF0-99AD-C6FB048338A9}.Debug|x86.Build.0 = Debug|Win32
		{C87A05B8-17CD-4DF0-99AD-C6FB048338A9}.Release|x64.ActiveCfg = Release|x64
		{C87A05B8-17CD-4DF0-99AD-C6FB048338A9}.Release|x64.Build.0 = Release|x64
		{C87A05B8-17CD-4DF0-99AD-C6FB048338A9}.Release|x86.ActiveCfg = Release|Win32
		{C87A05B8-17CD-4DF0-99AD-C6FB048338A9}.Release|x86.Build.0 = Release|Win32
		{719B4418-83F3-4EA1-A200-2CE7CCF172CB}.Debug|x64.ActiveCfg = Debug|x64
		{719B4418-83F3-4EA1-A200-2CE7CCF172CB}.Debug|x64.Build.0 = Debug|x64
		{719B4418-83F3-4EA1-A200-2CE7CCF172CB}.Debug|x86.ActiveCfg = Debug|Win32
		{719B4418-83F3-4EA1-A200-2CE7CCF172CB}.Debug|x86.Build.0 = Debug|Win32
		{719B4418-83F3-4EA1-A200-2CE7CCF172CB}.Release|x64.ActiveCfg = Release|x64
		{719B4418-83F3-4EA1-A200-2CE7CCF172CB}.Release|x64.Build.0 = Release|x64
		{719B4418-83F3-4EA1-A200-2CE7CCF172CB}.Release|x86.ActiveCfg = Release|Win32
		{719B4418-83F3-4EA1-A200-2CE7CCF172CB}.Release|x86.Build.0 = Release|Win32
		{B9DF83EB-2918-4E8B-B2CA-3827FF07188C}.Debug|x64.ActiveCfg = Debug|x64
		{B9DF83EB-2918-4E8B-B2CA-3827FF07188C}.Debug|x64.Build.0 = Debug|x64
		{B9DF83EB-2918-4E8B-B2CA-3827FF07188C}.Debug|x86.ActiveCfg = Debug|Win32
		{B9DF83EB-2918-4E8B-B2CA-3827FF07188C}.Debug|x86.Build.0 = Debug|Win32
		{B9DF83EB-2918-4E8B-B2CA-3827FF07188C}.Release|x64.ActiveCfg = Release|x64
		{B9DF83EB-2918-4E8B-B2CA-3827FF07188C}.Release|x64.Build.0 = Release|x64
		{B9DF83EB-2918-4E8B-B2CA-3827FF07188C}.Release|x86.ActiveCfg = Release|Win32
		{B9DF83EB-2918-4E8B-B2CA-3827FF07188C}.Release|x86.Build.0 = Release|Win32
		{35C3C189-5073-45F3-A434-4A278A47D3C7}.Debug|x64.ActiveCfg = Debug|x64
		{35C3C189-5073-45F3-A434-4A278A47D3C7}.Debug|x64.Build.0 = Debug|x64
		{35C3C189-5073-45F3-A434-4A278A47D3C7}.Debug|x86.ActiveCfg = Debug|Win32
		{35C3C189-5073-45F3-A434-4A278A47D3C7}.Debug|x86.Build.0 = Debug|Win32
		{35C3C189-5073-45F3-A434-4A278A47D3C7}.Release|x64.ActiveCfg = Release|x64
		{35C3C189-5073-45F3-A434-4A278A47D3C7}.Release|x64.Build.0 = Release|x64
		{35C3C189-5073-45F3-A434-4A278A47D3C7}.Release|x86.ActiveCfg = Release|Win32
		{35C3C189-5073-45F3-A434-4A278A47D3C7}.Release|x86.Build.0 = Release|Win32
		{95C2856D-EA4C-4D17-930F-B883F39B3581}.Debug|x64.ActiveCfg = Debug|x64
		{95C2856D-EA4C-4D17-930F-B883F39B3581}.Debug|x64.Build.0 = Debug|x64
		{95C2856D-EA4C-4D17-930F-B883F39B3581}.Debug|x86.ActiveCfg = Debug|Win32
		{95C2856D-EA4C-4D17-930F-B883F39B3581}.Debug|x86.Build.0 = Debug|Win32
		{95C2856D-EA4C-4D17-930F-B883F39B3581}.Release|x64.ActiveCfg = Release|x64
		{95C2856D-EA4C-4D17-930F-B883F39B3581}.Release|x64.Build.0 = Release|x64
		{95C2856D-EA4C-4D17-930F-B883F39B3581}.Release|x86.ActiveCfg = Release|Win32
		{95C2856D-EA4C-4D17-930F-B883F39B3581}.Release|x86.Build.0 = Release|Win32
		{96EF7B21-529E-4766-ACD4-31A9499944DF}.Debug|x64.ActiveCfg = Debug|x64
		{96EF7B21-529E-4766-ACD4-31A9499944DF}.Debug|x64.Build.0 = Debug|x64
		{96EF7B21-529E-4766-ACD4-31A9499944DF}.Debug|x86.ActiveCfg = Debug|Win32
		{96EF7B21-529E-4766-ACD4-31A9499944DF}.Debug|x86.Build.0 = Debug|Win32
		{96EF7B21-529E-4766-ACD4-31A9499944DF}.Release|x64.ActiveCfg = Release|x64
		{96EF7B21-529E-4766-ACD4-31A9499944DF}.Release|x64.Build.0 = Release|x64
		{96EF7B21-529E-4766-ACD4-31A9499944DF}.Release|x86.ActiveCfg = Release|Win32
		{96EF7B21-529E-4766-ACD4-31A9499944DF}.Release|x86.Build.0 = Release|Win32
	EndGlobalSection
	GlobalSection(SolutionProperties) = preSolution
		HideSolutionNode = FALSE
	EndGlobalSection
	GlobalSection(ExtensibilityGlobals) = postSolution
		SolutionGuid = {1737C372-1ADC-4981-BD08-D98F60BEA573}
	EndGlobalSection
EndGlobal
